
Microsoft Visual Studio Solution File, Format Version 12.00
# Visual Studio Version 17
VisualStudioVersion = 17.0.31903.59
MinimumVisualStudioVersion = 10.0.40219.1
Project("{FAE04EC0-301F-11D3-BF4B-00C04F79EFBC}") = "CalendarioBackend.Core", "src\CalendarioBackend.Core\CalendarioBackend.Core.csproj", "{2E2B9F2F-5ECB-4453-A30C-BF42A19CF4C0}"
EndProject
Project("{FAE04EC0-301F-11D3-BF4B-00C04F79EFBC}") = "CalendarioBackend.Console", "src\CalendarioBackend.Console\CalendarioBackend.Console.csproj", "{728F6586-97A6-4FE0-92C8-9F5B0551C768}"
EndProject
Project("{2150E333-8FDC-42A3-9474-1A3956D46DE8}") = "src", "src", "{827E0CD3-B72D-47B6-A68D-7590B98EB39B}"
EndProject
Project("{FAE04EC0-301F-11D3-BF4B-00C04F79EFBC}") = "CalendarioBackend.Api", "src\CalendarioBackend.Api\CalendarioBackend.Api.csproj", "{FA407B27-A9BB-4352-A251-1C4F0C2266D4}"
EndProject
Project("{FAE04EC0-301F-11D3-BF4B-00C04F79EFBC}") = "CalendarioBackend.Tests", "src\CalendarioBackend.Tests\CalendarioBackend.Tests.csproj", "{AF66B2CB-937A-4849-9097-9D434291908E}"
EndProject
Global
	GlobalSection(SolutionConfigurationPlatforms) = preSolution
		Debug|Any CPU = Debug|Any CPU
		Debug|x64 = Debug|x64
		Debug|x86 = Debug|x86
		Release|Any CPU = Release|Any CPU
		Release|x64 = Release|x64
		Release|x86 = Release|x86
	EndGlobalSection
	GlobalSection(ProjectConfigurationPlatforms) = postSolution
		{2E2B9F2F-5ECB-4453-A30C-BF42A19CF4C0}.Debug|Any CPU.ActiveCfg = Debug|Any CPU
		{2E2B9F2F-5ECB-4453-A30C-BF42A19CF4C0}.Debug|Any CPU.Build.0 = Debug|Any CPU
		{2E2B9F2F-5ECB-4453-A30C-BF42A19CF4C0}.Debug|x64.ActiveCfg = Debug|Any CPU
		{2E2B9F2F-5ECB-4453-A30C-BF42A19CF4C0}.Debug|x64.Build.0 = Debug|Any CPU
		{2E2B9F2F-5ECB-4453-A30C-BF42A19CF4C0}.Debug|x86.ActiveCfg = Debug|Any CPU
		{2E2B9F2F-5ECB-4453-A30C-BF42A19CF4C0}.Debug|x86.Build.0 = Debug|Any CPU
		{2E2B9F2F-5ECB-4453-A30C-BF42A19CF4C0}.Release|Any CPU.ActiveCfg = Release|Any CPU
		{2E2B9F2F-5ECB-4453-A30C-BF42A19CF4C0}.Release|Any CPU.Build.0 = Release|Any CPU
		{2E2B9F2F-5ECB-4453-A30C-BF42A19CF4C0}.Release|x64.ActiveCfg = Release|Any CPU
		{2E2B9F2F-5ECB-4453-A30C-BF42A19CF4C0}.Release|x64.Build.0 = Release|Any CPU
		{2E2B9F2F-5ECB-4453-A30C-BF42A19CF4C0}.Release|x86.ActiveCfg = Release|Any CPU
		{2E2B9F2F-5ECB-4453-A30C-BF42A19CF4C0}.Release|x86.Build.0 = Release|Any CPU
		{728F6586-97A6-4FE0-92C8-9F5B0551C768}.Debug|Any CPU.ActiveCfg = Debug|Any CPU
		{728F6586-97A6-4FE0-92C8-9F5B0551C768}.Debug|Any CPU.Build.0 = Debug|Any CPU
		{728F6586-97A6-4FE0-92C8-9F5B0551C768}.Debug|x64.ActiveCfg = Debug|Any CPU
		{728F6586-97A6-4FE0-92C8-9F5B0551C768}.Debug|x64.Build.0 = Debug|Any CPU
		{728F6586-97A6-4FE0-92C8-9F5B0551C768}.Debug|x86.ActiveCfg = Debug|Any CPU
		{728F6586-97A6-4FE0-92C8-9F5B0551C768}.Debug|x86.Build.0 = Debug|Any CPU
		{728F6586-97A6-4FE0-92C8-9F5B0551C768}.Release|Any CPU.ActiveCfg = Release|Any CPU
		{728F6586-97A6-4FE0-92C8-9F5B0551C768}.Release|Any CPU.Build.0 = Release|Any CPU
		{728F6586-97A6-4FE0-92C8-9F5B0551C768}.Release|x64.ActiveCfg = Release|Any CPU
		{728F6586-97A6-4FE0-92C8-9F5B0551C768}.Release|x64.Build.0 = Release|Any CPU
		{728F6586-97A6-4FE0-92C8-9F5B0551C768}.Release|x86.ActiveCfg = Release|Any CPU
		{728F6586-97A6-4FE0-92C8-9F5B0551C768}.Release|x86.Build.0 = Release|Any CPU
		{FA407B27-A9BB-4352-A251-1C4F0C2266D4}.Debug|Any CPU.ActiveCfg = Debug|Any CPU
		{FA407B27-A9BB-4352-A251-1C4F0C2266D4}.Debug|Any CPU.Build.0 = Debug|Any CPU
		{FA407B27-A9BB-4352-A251-1C4F0C2266D4}.Debug|x64.ActiveCfg = Debug|Any CPU
		{FA407B27-A9BB-4352-A251-1C4F0C2266D4}.Debug|x64.Build.0 = Debug|Any CPU
		{FA407B27-A9BB-4352-A251-1C4F0C2266D4}.Debug|x86.ActiveCfg = Debug|Any CPU
		{FA407B27-A9BB-4352-A251-1C4F0C2266D4}.Debug|x86.Build.0 = Debug|Any CPU
		{FA407B27-A9BB-4352-A251-1C4F0C2266D4}.Release|Any CPU.ActiveCfg = Release|Any CPU
		{FA407B27-A9BB-4352-A251-1C4F0C2266D4}.Release|Any CPU.Build.0 = Release|Any CPU
		{FA407B27-A9BB-4352-A251-1C4F0C2266D4}.Release|x64.ActiveCfg = Release|Any CPU
		{FA407B27-A9BB-4352-A251-1C4F0C2266D4}.Release|x64.Build.0 = Release|Any CPU
		{FA407B27-A9BB-4352-A251-1C4F0C2266D4}.Release|x86.ActiveCfg = Release|Any CPU
		{FA407B27-A9BB-4352-A251-1C4F0C2266D4}.Release|x86.Build.0 = Release|Any CPU
		{AF66B2CB-937A-4849-9097-9D434291908E}.Debug|Any CPU.ActiveCfg = Debug|Any CPU
		{AF66B2CB-937A-4849-9097-9D434291908E}.Debug|Any CPU.Build.0 = Debug|Any CPU
		{AF66B2CB-937A-4849-9097-9D434291908E}.Debug|x64.ActiveCfg = Debug|Any CPU
		{AF66B2CB-937A-4849-9097-9D434291908E}.Debug|x64.Build.0 = Debug|Any CPU
		{AF66B2CB-937A-4849-9097-9D434291908E}.Debug|x86.ActiveCfg = Debug|Any CPU
		{AF66B2CB-937A-4849-9097-9D434291908E}.Debug|x86.Build.0 = Debug|Any CPU
		{AF66B2CB-937A-4849-9097-9D434291908E}.Release|Any CPU.ActiveCfg = Release|Any CPU
		{AF66B2CB-937A-4849-9097-9D434291908E}.Release|Any CPU.Build.0 = Release|Any CPU
		{AF66B2CB-937A-4849-9097-9D434291908E}.Release|x64.ActiveCfg = Release|Any CPU
		{AF66B2CB-937A-4849-9097-9D434291908E}.Release|x64.Build.0 = Release|Any CPU
		{AF66B2CB-937A-4849-9097-9D434291908E}.Release|x86.ActiveCfg = Release|Any CPU
		{AF66B2CB-937A-4849-9097-9D434291908E}.Release|x86.Build.0 = Release|Any CPU
	EndGlobalSection
	GlobalSection(SolutionProperties) = preSolution
		HideSolutionNode = FALSE
	EndGlobalSection
	GlobalSection(NestedProjects) = preSolution
		{FA407B27-A9BB-4352-A251-1C4F0C2266D4} = {827E0CD3-B72D-47B6-A68D-7590B98EB39B}
		{AF66B2CB-937A-4849-9097-9D434291908E} = {827E0CD3-B72D-47B6-A68D-7590B98EB39B}
	EndGlobalSection
EndGlobal
